// !$*UTF8*$!
{
	archiveVersion = 1;
	classes = {
	};
	objectVersion = 46;
	objects = {

/* Begin PBXBuildFile section */
		B14DEB6A1A67A7DA000EFE06 /* main.m in Sources */ = {isa = PBXBuildFile; fileRef = B14DEB691A67A7DA000EFE06 /* main.m */; };
		B14DEB6D1A67A7DA000EFE06 /* AppDelegate.m in Sources */ = {isa = PBXBuildFile; fileRef = B14DEB6C1A67A7DA000EFE06 /* AppDelegate.m */; };
		B14DEB701A67A7DA000EFE06 /* ViewController.m in Sources */ = {isa = PBXBuildFile; fileRef = B14DEB6F1A67A7DA000EFE06 /* ViewController.m */; };
		B14DEB731A67A7DA000EFE06 /* Main.storyboard in Resources */ = {isa = PBXBuildFile; fileRef = B14DEB711A67A7DA000EFE06 /* Main.storyboard */; };
		B14DEB751A67A7DA000EFE06 /* Images.xcassets in Resources */ = {isa = PBXBuildFile; fileRef = B14DEB741A67A7DA000EFE06 /* Images.xcassets */; };
		B14DEB781A67A7DA000EFE06 /* LaunchScreen.xib in Resources */ = {isa = PBXBuildFile; fileRef = B14DEB761A67A7DA000EFE06 /* LaunchScreen.xib */; };
		B14DEB841A67A7DA000EFE06 /* GoodnightMoonTests.m in Sources */ = {isa = PBXBuildFile; fileRef = B14DEB831A67A7DA000EFE06 /* GoodnightMoonTests.m */; };
		B14DEB8F1A67A9A5000EFE06 /* ImageCollectionViewCell.m in Sources */ = {isa = PBXBuildFile; fileRef = B14DEB8E1A67A9A5000EFE06 /* ImageCollectionViewCell.m */; };
/* End PBXBuildFile section */

/* Begin PBXContainerItemProxy section */
		B14DEB7E1A67A7DA000EFE06 /* PBXContainerItemProxy */ = {
			isa = PBXContainerItemProxy;
			containerPortal = B14DEB5C1A67A7DA000EFE06 /* Project object */;
			proxyType = 1;
			remoteGlobalIDString = B14DEB631A67A7DA000EFE06;
			remoteInfo = GoodnightMoon;
		};
/* End PBXContainerItemProxy section */

/* Begin PBXFileReference section */
		B14DEB641A67A7DA000EFE06 /* GoodnightMoon.app */ = {isa = PBXFileReference; explicitFileType = wrapper.application; includeInIndex = 0; path = GoodnightMoon.app; sourceTree = BUILT_PRODUCTS_DIR; };
		B14DEB681A67A7DA000EFE06 /* Info.plist */ = {isa = PBXFileReference; lastKnownFileType = text.plist.xml; path = Info.plist; sourceTree = "<group>"; };
		B14DEB691A67A7DA000EFE06 /* main.m */ = {isa = PBXFileReference; lastKnownFileType = sourcecode.c.objc; path = main.m; sourceTree = "<group>"; };
		B14DEB6B1A67A7DA000EFE06 /* AppDelegate.h */ = {isa = PBXFileReference; lastKnownFileType = sourcecode.c.h; path = AppDelegate.h; sourceTree = "<group>"; };
		B14DEB6C1A67A7DA000EFE06 /* AppDelegate.m */ = {isa = PBXFileReference; lastKnownFileType = sourcecode.c.objc; path = AppDelegate.m; sourceTree = "<group>"; };
		B14DEB6E1A67A7DA000EFE06 /* ViewController.h */ = {isa = PBXFileReference; lastKnownFileType = sourcecode.c.h; path = ViewController.h; sourceTree = "<group>"; };
		B14DEB6F1A67A7DA000EFE06 /* ViewController.m */ = {isa = PBXFileReference; lastKnownFileType = sourcecode.c.objc; path = ViewController.m; sourceTree = "<group>"; };
		B14DEB721A67A7DA000EFE06 /* Base */ = {isa = PBXFileReference; lastKnownFileType = file.storyboard; name = Base; path = Base.lproj/Main.storyboard; sourceTree = "<group>"; };
		B14DEB741A67A7DA000EFE06 /* Images.xcassets */ = {isa = PBXFileReference; lastKnownFileType = folder.assetcatalog; path = Images.xcassets; sourceTree = "<group>"; };
		B14DEB771A67A7DA000EFE06 /* Base */ = {isa = PBXFileReference; lastKnownFileType = file.xib; name = Base; path = Base.lproj/LaunchScreen.xib; sourceTree = "<group>"; };
		B14DEB7D1A67A7DA000EFE06 /* GoodnightMoonTests.xctest */ = {isa = PBXFileReference; explicitFileType = wrapper.cfbundle; includeInIndex = 0; path = GoodnightMoonTests.xctest; sourceTree = BUILT_PRODUCTS_DIR; };
		B14DEB821A67A7DA000EFE06 /* Info.plist */ = {isa = PBXFileReference; lastKnownFileType = text.plist.xml; path = Info.plist; sourceTree = "<group>"; };
		B14DEB831A67A7DA000EFE06 /* GoodnightMoonTests.m */ = {isa = PBXFileReference; lastKnownFileType = sourcecode.c.objc; path = GoodnightMoonTests.m; sourceTree = "<group>"; };
		B14DEB8D1A67A9A5000EFE06 /* ImageCollectionViewCell.h */ = {isa = PBXFileReference; fileEncoding = 4; lastKnownFileType = sourcecode.c.h; name = ImageCollectionViewCell.h; path = ../ImageCollectionViewCell.h; sourceTree = "<group>"; };
		B14DEB8E1A67A9A5000EFE06 /* ImageCollectionViewCell.m */ = {isa = PBXFileReference; fileEncoding = 4; lastKnownFileType = sourcecode.c.objc; name = ImageCollectionViewCell.m; path = ../ImageCollectionViewCell.m; sourceTree = "<group>"; };
/* End PBXFileReference section */

/* Begin PBXFrameworksBuildPhase section */
		B14DEB611A67A7DA000EFE06 /* Frameworks */ = {
			isa = PBXFrameworksBuildPhase;
			buildActionMask = 2147483647;
			files = (
			);
			runOnlyForDeploymentPostprocessing = 0;
		};
		B14DEB7A1A67A7DA000EFE06 /* Frameworks */ = {
			isa = PBXFrameworksBuildPhase;
			buildActionMask = 2147483647;
			files = (
			);
			runOnlyForDeploymentPostprocessing = 0;
		};
/* End PBXFrameworksBuildPhase section */

/* Begin PBXGroup section */
		B14DEB5B1A67A7DA000EFE06 = {
			isa = PBXGroup;
			children = (
				B14DEB661A67A7DA000EFE06 /* GoodnightMoon */,
				B14DEB801A67A7DA000EFE06 /* GoodnightMoonTests */,
				B14DEB651A67A7DA000EFE06 /* Products */,
			);
			sourceTree = "<group>";
		};
		B14DEB651A67A7DA000EFE06 /* Products */ = {
			isa = PBXGroup;
			children = (
				B14DEB641A67A7DA000EFE06 /* GoodnightMoon.app */,
				B14DEB7D1A67A7DA000EFE06 /* GoodnightMoonTests.xctest */,
			);
			name = Products;
			sourceTree = "<group>";
		};
		B14DEB661A67A7DA000EFE06 /* GoodnightMoon */ = {
			isa = PBXGroup;
			children = (
				B14DEB6B1A67A7DA000EFE06 /* AppDelegate.h */,
				B14DEB6C1A67A7DA000EFE06 /* AppDelegate.m */,
				B14DEB8D1A67A9A5000EFE06 /* ImageCollectionViewCell.h */,
				B14DEB8E1A67A9A5000EFE06 /* ImageCollectionViewCell.m */,
				B14DEB6E1A67A7DA000EFE06 /* ViewController.h */,
				B14DEB6F1A67A7DA000EFE06 /* ViewController.m */,
				B14DEB711A67A7DA000EFE06 /* Main.storyboard */,
				B14DEB741A67A7DA000EFE06 /* Images.xcassets */,
				B14DEB761A67A7DA000EFE06 /* LaunchScreen.xib */,
				B14DEB671A67A7DA000EFE06 /* Supporting Files */,
			);
			path = GoodnightMoon;
			sourceTree = "<group>";
		};
		B14DEB671A67A7DA000EFE06 /* Supporting Files */ = {
			isa = PBXGroup;
			children = (
				B14DEB681A67A7DA000EFE06 /* Info.plist */,
				B14DEB691A67A7DA000EFE06 /* main.m */,
			);
			name = "Supporting Files";
			sourceTree = "<group>";
		};
		B14DEB801A67A7DA000EFE06 /* GoodnightMoonTests */ = {
			isa = PBXGroup;
			children = (
				B14DEB831A67A7DA000EFE06 /* GoodnightMoonTests.m */,
				B14DEB811A67A7DA000EFE06 /* Supporting Files */,
			);
			path = GoodnightMoonTests;
			sourceTree = "<group>";
		};
		B14DEB811A67A7DA000EFE06 /* Supporting Files */ = {
			isa = PBXGroup;
			children = (
				B14DEB821A67A7DA000EFE06 /* Info.plist */,
			);
			name = "Supporting Files";
			sourceTree = "<group>";
		};
/* End PBXGroup section */

/* Begin PBXNativeTarget section */
		B14DEB631A67A7DA000EFE06 /* GoodnightMoon */ = {
			isa = PBXNativeTarget;
			buildConfigurationList = B14DEB871A67A7DA000EFE06 /* Build configuration list for PBXNativeTarget "GoodnightMoon" */;
			buildPhases = (
				B14DEB601A67A7DA000EFE06 /* Sources */,
				B14DEB611A67A7DA000EFE06 /* Frameworks */,
				B14DEB621A67A7DA000EFE06 /* Resources */,
			);
			buildRules = (
			);
			dependencies = (
			);
			name = GoodnightMoon;
			productName = GoodnightMoon;
			productReference = B14DEB641A67A7DA000EFE06 /* GoodnightMoon.app */;
			productType = "com.apple.product-type.application";
		};
		B14DEB7C1A67A7DA000EFE06 /* GoodnightMoonTests */ = {
			isa = PBXNativeTarget;
			buildConfigurationList = B14DEB8A1A67A7DA000EFE06 /* Build configuration list for PBXNativeTarget "GoodnightMoonTests" */;
			buildPhases = (
				B14DEB791A67A7DA000EFE06 /* Sources */,
				B14DEB7A1A67A7DA000EFE06 /* Frameworks */,
				B14DEB7B1A67A7DA000EFE06 /* Resources */,
			);
			buildRules = (
			);
			dependencies = (
				B14DEB7F1A67A7DA000EFE06 /* PBXTargetDependency */,
			);
			name = GoodnightMoonTests;
			productName = GoodnightMoonTests;
			productReference = B14DEB7D1A67A7DA000EFE06 /* GoodnightMoonTests.xctest */;
			productType = "com.apple.product-type.bundle.unit-test";
		};
/* End PBXNativeTarget section */

/* Begin PBXProject section */
		B14DEB5C1A67A7DA000EFE06 /* Project object */ = {
			isa = PBXProject;
			attributes = {
				LastUpgradeCheck = 0610;
				ORGANIZATIONNAME = MobileMakers;
				TargetAttributes = {
					B14DEB631A67A7DA000EFE06 = {
						CreatedOnToolsVersion = 6.1.1;
					};
					B14DEB7C1A67A7DA000EFE06 = {
						CreatedOnToolsVersion = 6.1.1;
						TestTargetID = B14DEB631A67A7DA000EFE06;
					};
				};
			};
			buildConfigurationList = B14DEB5F1A67A7DA000EFE06 /* Build configuration list for PBXProject "GoodnightMoon" */;
			compatibilityVersion = "Xcode 3.2";
			developmentRegion = English;
			hasScannedForEncodings = 0;
			knownRegions = (
				en,
				Base,
			);
			mainGroup = B14DEB5B1A67A7DA000EFE06;
			productRefGroup = B14DEB651A67A7DA000EFE06 /* Products */;
			projectDirPath = "";
			projectRoot = "";
			targets = (
				B14DEB631A67A7DA000EFE06 /* GoodnightMoon */,
				B14DEB7C1A67A7DA000EFE06 /* GoodnightMoonTests */,
			);
		};
/* End PBXProject section */

/* Begin PBXResourcesBuildPhase section */
		B14DEB621A67A7DA000EFE06 /* Resources */ = {
			isa = PBXResourcesBuildPhase;
			buildActionMask = 2147483647;
			files = (
				B14DEB731A67A7DA000EFE06 /* Main.storyboard in Resources */,
				B14DEB781A67A7DA000EFE06 /* LaunchScreen.xib in Resources */,
				B14DEB751A67A7DA000EFE06 /* Images.xcassets in Resources */,
			);
			runOnlyForDeploymentPostprocessing = 0;
		};
		B14DEB7B1A67A7DA000EFE06 /* Resources */ = {
			isa = PBXResourcesBuildPhase;
			buildActionMask = 2147483647;
			files = (
			);
			runOnlyForDeploymentPostprocessing = 0;
		};
/* End PBXResourcesBuildPhase section */

/* Begin PBXSourcesBuildPhase section */
		B14DEB601A67A7DA000EFE06 /* Sources */ = {
			isa = PBXSourcesBuildPhase;
			buildActionMask = 2147483647;
			files = (
				B14DEB701A67A7DA000EFE06 /* ViewController.m in Sources */,
				B14DEB6D1A67A7DA000EFE06 /* AppDelegate.m in Sources */,
				B14DEB8F1A67A9A5000EFE06 /* ImageCollectionViewCell.m in Sources */,
				B14DEB6A1A67A7DA000EFE06 /* main.m in Sources */,
			);
			runOnlyForDeploymentPostprocessing = 0;
		};
		B14DEB791A67A7DA000EFE06 /* Sources */ = {
			isa = PBXSourcesBuildPhase;
			buildActionMask = 2147483647;
			files = (
				B14DEB841A67A7DA000EFE06 /* GoodnightMoonTests.m in Sources */,
			);
			runOnlyForDeploymentPostprocessing = 0;
		};
/* End PBXSourcesBuildPhase section */

/* Begin PBXTargetDependency section */
		B14DEB7F1A67A7DA000EFE06 /* PBXTargetDependency */ = {
			isa = PBXTargetDependency;
			target = B14DEB631A67A7DA000EFE06 /* GoodnightMoon */;
			targetProxy = B14DEB7E1A67A7DA000EFE06 /* PBXContainerItemProxy */;
		};
/* End PBXTargetDependency section */

/* Begin PBXVariantGroup section */
		B14DEB711A67A7DA000EFE06 /* Main.storyboard */ = {
			isa = PBXVariantGroup;
			children = (
				B14DEB721A67A7DA000EFE06 /* Base */,
			);
			name = Main.storyboard;
			sourceTree = "<group>";
		};
		B14DEB761A67A7DA000EFE06 /* LaunchScreen.xib */ = {
			isa = PBXVariantGroup;
			children = (
				B14DEB771A67A7DA000EFE06 /* Base */,
			);
			name = LaunchScreen.xib;
			sourceTree = "<group>";
		};
/* End PBXVariantGroup section */

/* Begin XCBuildConfiguration section */
		B14DEB851A67A7DA000EFE06 /* Debug */ = {
			isa = XCBuildConfiguration;
			buildSettings = {
				ALWAYS_SEARCH_USER_PATHS = NO;
				CLANG_CXX_LANGUAGE_STANDARD = "gnu++0x";
				CLANG_CXX_LIBRARY = "libc++";
				CLANG_ENABLE_MODULES = YES;
				CLANG_ENABLE_OBJC_ARC = YES;
				CLANG_WARN_BOOL_CONVERSION = YES;
				CLANG_WARN_CONSTANT_CONVERSION = YES;
				CLANG_WARN_DIRECT_OBJC_ISA_USAGE = YES_ERROR;
				CLANG_WARN_EMPTY_BODY = YES;
				CLANG_WARN_ENUM_CONVERSION = YES;
				CLANG_WARN_INT_CONVERSION = YES;
				CLANG_WARN_OBJC_ROOT_CLASS = YES_ERROR;
				CLANG_WARN_UNREACHABLE_CODE = YES;
				CLANG_WARN__DUPLICATE_METHOD_MATCH = YES;
				"CODE_SIGN_IDENTITY[sdk=iphoneos*]" = "iPhone Developer";
				COPY_PHASE_STRIP = NO;
				ENABLE_STRICT_OBJC_MSGSEND = YES;
				GCC_C_LANGUAGE_STANDARD = gnu99;
				GCC_DYNAMIC_NO_PIC = NO;
				GCC_OPTIMIZATION_LEVEL = 0;
				GCC_PREPROCESSOR_DEFINITIONS = (
					"DEBUG=1",
					"$(inherited)",
				);
				GCC_SYMBOLS_PRIVATE_EXTERN = NO;
				GCC_WARN_64_TO_32_BIT_CONVERSION = YES;
				GCC_WARN_ABOUT_RETURN_TYPE = YES_ERROR;
				GCC_WARN_UNDECLARED_SELECTOR = YES;
				GCC_WARN_UNINITIALIZED_AUTOS = YES_AGGRESSIVE;
				GCC_WARN_UNUSED_FUNCTION = YES;
				GCC_WARN_UNUSED_VARIABLE = YES;
				IPHONEOS_DEPLOYMENT_TARGET = 8.1;
				MTL_ENABLE_DEBUG_INFO = YES;
				ONLY_ACTIVE_ARCH = YES;
				SDKROOT = iphoneos;
			};
			name = Debug;
		};
		B14DEB861A67A7DA000EFE06 /* Release */ = {
			isa = XCBuildConfiguration;
			buildSettings = {
				ALWAYS_SEARCH_USER_PATHS = NO;
				CLANG_CXX_LANGUAGE_STANDARD = "gnu++0x";
				CLANG_CXX_LIBRARY = "libc++";
				CLANG_ENABLE_MODULES = YES;
				CLANG_ENABLE_OBJC_ARC = YES;
				CLANG_WARN_BOOL_CONVERSION = YES;
				CLANG_WARN_CONSTANT_CONVERSION = YES;
				CLANG_WARN_DIRECT_OBJC_ISA_USAGE = YES_ERROR;
				CLANG_WARN_EMPTY_BODY = YES;
				CLANG_WARN_ENUM_CONVERSION = YES;
				CLANG_WARN_INT_CONVERSION = YES;
				CLANG_WARN_OBJC_ROOT_CLASS = YES_ERROR;
				CLANG_WARN_UNREACHABLE_CODE = YES;
				CLANG_WARN__DUPLICATE_METHOD_MATCH = YES;
				"CODE_SIGN_IDENTITY[sdk=iphoneos*]" = "iPhone Developer";
				COPY_PHASE_STRIP = YES;
				ENABLE_NS_ASSERTIONS = NO;
				ENABLE_STRICT_OBJC_MSGSEND = YES;
				GCC_C_LANGUAGE_STANDARD = gnu99;
				GCC_WARN_64_TO_32_BIT_CONVERSION = YES;
				GCC_WARN_ABOUT_RETURN_TYPE = YES_ERROR;
				GCC_WARN_UNDECLARED_SELECTOR = YES;
				GCC_WARN_UNINITIALIZED_AUTOS = YES_AGGRESSIVE;
				GCC_WARN_UNUSED_FUNCTION = YES;
				GCC_WARN_UNUSED_VARIABLE = YES;
				IPHONEOS_DEPLOYMENT_TARGET = 8.1;
				MTL_ENABLE_DEBUG_INFO = NO;
				SDKROOT = iphoneos;
				VALIDATE_PRODUCT = YES;
			};
			name = Release;
		};
		B14DEB881A67A7DA000EFE06 /* Debug */ = {
			isa = XCBuildConfiguration;
			buildSettings = {
				ASSETCATALOG_COMPILER_APPICON_NAME = AppIcon;
				INFOPLIST_FILE = GoodnightMoon/Info.plist;
				LD_RUNPATH_SEARCH_PATHS = "$(inherited) @executable_path/Frameworks";
				PRODUCT_NAME = "$(TARGET_NAME)";
			};
			name = Debug;
		};
		B14DEB891A67A7DA000EFE06 /* Release */ = {
			isa = XCBuildConfiguration;
			buildSettings = {
				ASSETCATALOG_COMPILER_APPICON_NAME = AppIcon;
				INFOPLIST_FILE = GoodnightMoon/Info.plist;
				LD_RUNPATH_SEARCH_PATHS = "$(inherited) @executable_path/Frameworks";
				PRODUCT_NAME = "$(TARGET_NAME)";
			};
			name = Release;
		};
		B14DEB8B1A67A7DA000EFE06 /* Debug */ = {
			isa = XCBuildConfiguration;
			buildSettings = {
				BUNDLE_LOADER = "$(TEST_HOST)";
				FRAMEWORK_SEARCH_PATHS = (
					"$(SDKROOT)/Developer/Library/Frameworks",
					"$(inherited)",
				);
				GCC_PREPROCESSOR_DEFINITIONS = (
					"DEBUG=1",
					"$(inherited)",
				);
				INFOPLIST_FILE = GoodnightMoonTests/Info.plist;
				LD_RUNPATH_SEARCH_PATHS = "$(inherited) @executable_path/Frameworks @loader_path/Frameworks";
				PRODUCT_NAME = "$(TARGET_NAME)";
				TEST_HOST = "$(BUILT_PRODUCTS_DIR)/GoodnightMoon.app/GoodnightMoon";
			};
			name = Debug;
		};
		B14DEB8C1A67A7DA000EFE06 /* Release */ = {
			isa = XCBuildConfiguration;
			buildSettings = {
				BUNDLE_LOADER = "$(TEST_HOST)";
				FRAMEWORK_SEARCH_PATHS = (
					"$(SDKROOT)/Developer/Library/Frameworks",
					"$(inherited)",
				);
				INFOPLIST_FILE = GoodnightMoonTests/Info.plist;
				LD_RUNPATH_SEARCH_PATHS = "$(inherited) @executable_path/Frameworks @loader_path/Frameworks";
				PRODUCT_NAME = "$(TARGET_NAME)";
				TEST_HOST = "$(BUILT_PRODUCTS_DIR)/GoodnightMoon.app/GoodnightMoon";
			};
			name = Release;
		};
/* End XCBuildConfiguration section */

/* Begin XCConfigurationList section */
		B14DEB5F1A67A7DA000EFE06 /* Build configuration list for PBXProject "GoodnightMoon" */ = {
			isa = XCConfigurationList;
			buildConfigurations = (
				B14DEB851A67A7DA000EFE06 /* Debug */,
				B14DEB861A67A7DA000EFE06 /* Release */,
			);
			defaultConfigurationIsVisible = 0;
			defaultConfigurationName = Release;
		};
		B14DEB871A67A7DA000EFE06 /* Build configuration list for PBXNativeTarget "GoodnightMoon" */ = {
			isa = XCConfigurationList;
			buildConfigurations = (
				B14DEB881A67A7DA000EFE06 /* Debug */,
				B14DEB891A67A7DA000EFE06 /* Release */,
			);
			defaultConfigurationIsVisible = 0;
		};
		B14DEB8A1A67A7DA000EFE06 /* Build configuration list for PBXNativeTarget "GoodnightMoonTests" */ = {
			isa = XCConfigurationList;
			buildConfigurations = (
				B14DEB8B1A67A7DA000EFE06 /* Debug */,
				B14DEB8C1A67A7DA000EFE06 /* Release */,
			);
			defaultConfigurationIsVisible = 0;
		};
/* End XCConfigurationList section */
	};
	rootObject = B14DEB5C1A67A7DA000EFE06 /* Project object */;
}
